// !$*UTF8*$!
{
	archiveVersion = 1;
	classes = {
	};
	objectVersion = 50;
	objects = {

/* Begin PBXBuildFile section */
		485BC8EB25111F7F00448247 /* AppDelegate.swift in Sources */ = {isa = PBXBuildFile; fileRef = 485BC8EA25111F7F00448247 /* AppDelegate.swift */; };
		485BC8ED25111F7F00448247 /* SceneDelegate.swift in Sources */ = {isa = PBXBuildFile; fileRef = 485BC8EC25111F7F00448247 /* SceneDelegate.swift */; };
		485BC8EF25111F7F00448247 /* ViewController.swift in Sources */ = {isa = PBXBuildFile; fileRef = 485BC8EE25111F7F00448247 /* ViewController.swift */; };
		485BC8F225111F7F00448247 /* Main.storyboard in Resources */ = {isa = PBXBuildFile; fileRef = 485BC8F025111F7F00448247 /* Main.storyboard */; };
		485BC8F425111F8000448247 /* Assets.xcassets in Resources */ = {isa = PBXBuildFile; fileRef = 485BC8F325111F8000448247 /* Assets.xcassets */; };
		485BC8F725111F8000448247 /* LaunchScreen.storyboard in Resources */ = {isa = PBXBuildFile; fileRef = 485BC8F525111F8000448247 /* LaunchScreen.storyboard */; };
		485BC90225111F8000448247 /* day16Tests.swift in Sources */ = {isa = PBXBuildFile; fileRef = 485BC90125111F8000448247 /* day16Tests.swift */; };
/* End PBXBuildFile section */

/* Begin PBXContainerItemProxy section */
		485BC8FE25111F8000448247 /* PBXContainerItemProxy */ = {
			isa = PBXContainerItemProxy;
			containerPortal = 485BC8DF25111F7F00448247 /* Project object */;
			proxyType = 1;
			remoteGlobalIDString = 485BC8E625111F7F00448247;
			remoteInfo = day16;
		};
/* End PBXContainerItemProxy section */

/* Begin PBXFileReference section */
		485BC8E725111F7F00448247 /* day16.app */ = {isa = PBXFileReference; explicitFileType = wrapper.application; includeInIndex = 0; path = day16.app; sourceTree = BUILT_PRODUCTS_DIR; };
		485BC8EA25111F7F00448247 /* AppDelegate.swift */ = {isa = PBXFileReference; lastKnownFileType = sourcecode.swift; path = AppDelegate.swift; sourceTree = "<group>"; };
		485BC8EC25111F7F00448247 /* SceneDelegate.swift */ = {isa = PBXFileReference; lastKnownFileType = sourcecode.swift; path = SceneDelegate.swift; sourceTree = "<group>"; };
		485BC8EE25111F7F00448247 /* ViewController.swift */ = {isa = PBXFileReference; lastKnownFileType = sourcecode.swift; path = ViewController.swift; sourceTree = "<group>"; };
		485BC8F125111F7F00448247 /* Base */ = {isa = PBXFileReference; lastKnownFileType = file.storyboard; name = Base; path = Base.lproj/Main.storyboard; sourceTree = "<group>"; };
		485BC8F325111F8000448247 /* Assets.xcassets */ = {isa = PBXFileReference; lastKnownFileType = folder.assetcatalog; path = Assets.xcassets; sourceTree = "<group>"; };
		485BC8F625111F8000448247 /* Base */ = {isa = PBXFileReference; lastKnownFileType = file.storyboard; name = Base; path = Base.lproj/LaunchScreen.storyboard; sourceTree = "<group>"; };
		485BC8F825111F8000448247 /* Info.plist */ = {isa = PBXFileReference; lastKnownFileType = text.plist.xml; path = Info.plist; sourceTree = "<group>"; };
		485BC8FD25111F8000448247 /* day16Tests.xctest */ = {isa = PBXFileReference; explicitFileType = wrapper.cfbundle; includeInIndex = 0; path = day16Tests.xctest; sourceTree = BUILT_PRODUCTS_DIR; };
		485BC90125111F8000448247 /* day16Tests.swift */ = {isa = PBXFileReference; lastKnownFileType = sourcecode.swift; path = day16Tests.swift; sourceTree = "<group>"; };
		485BC90325111F8000448247 /* Info.plist */ = {isa = PBXFileReference; lastKnownFileType = text.plist.xml; path = Info.plist; sourceTree = "<group>"; };
/* End PBXFileReference section */

/* Begin PBXFrameworksBuildPhase section */
		485BC8E425111F7F00448247 /* Frameworks */ = {
			isa = PBXFrameworksBuildPhase;
			buildActionMask = 2147483647;
			files = (
			);
			runOnlyForDeploymentPostprocessing = 0;
		};
		485BC8FA25111F8000448247 /* Frameworks */ = {
			isa = PBXFrameworksBuildPhase;
			buildActionMask = 2147483647;
			files = (
			);
			runOnlyForDeploymentPostprocessing = 0;
		};
/* End PBXFrameworksBuildPhase section */

/* Begin PBXGroup section */
		485BC8DE25111F7F00448247 = {
			isa = PBXGroup;
			children = (
				485BC8E925111F7F00448247 /* day16 */,
				485BC90025111F8000448247 /* day16Tests */,
				485BC8E825111F7F00448247 /* Products */,
			);
			sourceTree = "<group>";
		};
		485BC8E825111F7F00448247 /* Products */ = {
			isa = PBXGroup;
			children = (
				485BC8E725111F7F00448247 /* day16.app */,
				485BC8FD25111F8000448247 /* day16Tests.xctest */,
			);
			name = Products;
			sourceTree = "<group>";
		};
		485BC8E925111F7F00448247 /* day16 */ = {
			isa = PBXGroup;
			children = (
				485BC8EA25111F7F00448247 /* AppDelegate.swift */,
				485BC8EC25111F7F00448247 /* SceneDelegate.swift */,
				485BC8EE25111F7F00448247 /* ViewController.swift */,
				485BC8F025111F7F00448247 /* Main.storyboard */,
				485BC8F325111F8000448247 /* Assets.xcassets */,
				485BC8F525111F8000448247 /* LaunchScreen.storyboard */,
				485BC8F825111F8000448247 /* Info.plist */,
			);
			path = day16;
			sourceTree = "<group>";
		};
		485BC90025111F8000448247 /* day16Tests */ = {
			isa = PBXGroup;
			children = (
				485BC90125111F8000448247 /* day16Tests.swift */,
				485BC90325111F8000448247 /* Info.plist */,
			);
			path = day16Tests;
			sourceTree = "<group>";
		};
/* End PBXGroup section */

/* Begin PBXNativeTarget section */
		485BC8E625111F7F00448247 /* day16 */ = {
			isa = PBXNativeTarget;
			buildConfigurationList = 485BC90625111F8000448247 /* Build configuration list for PBXNativeTarget "day16" */;
			buildPhases = (
				485BC8E325111F7F00448247 /* Sources */,
				485BC8E425111F7F00448247 /* Frameworks */,
				485BC8E525111F7F00448247 /* Resources */,
			);
			buildRules = (
			);
			dependencies = (
			);
			name = day16;
			productName = day16;
			productReference = 485BC8E725111F7F00448247 /* day16.app */;
			productType = "com.apple.product-type.application";
		};
		485BC8FC25111F8000448247 /* day16Tests */ = {
			isa = PBXNativeTarget;
			buildConfigurationList = 485BC90925111F8000448247 /* Build configuration list for PBXNativeTarget "day16Tests" */;
			buildPhases = (
				485BC8F925111F8000448247 /* Sources */,
				485BC8FA25111F8000448247 /* Frameworks */,
				485BC8FB25111F8000448247 /* Resources */,
			);
			buildRules = (
			);
			dependencies = (
				485BC8FF25111F8000448247 /* PBXTargetDependency */,
			);
			name = day16Tests;
			productName = day16Tests;
			productReference = 485BC8FD25111F8000448247 /* day16Tests.xctest */;
			productType = "com.apple.product-type.bundle.unit-test";
		};
/* End PBXNativeTarget section */

/* Begin PBXProject section */
		485BC8DF25111F7F00448247 /* Project object */ = {
			isa = PBXProject;
			attributes = {
				LastSwiftUpdateCheck = 1170;
				LastUpgradeCheck = 1170;
				ORGANIZATIONNAME = "John Padilla";
				TargetAttributes = {
					485BC8E625111F7F00448247 = {
						CreatedOnToolsVersion = 11.7;
					};
					485BC8FC25111F8000448247 = {
						CreatedOnToolsVersion = 11.7;
						TestTargetID = 485BC8E625111F7F00448247;
					};
				};
			};
			buildConfigurationList = 485BC8E225111F7F00448247 /* Build configuration list for PBXProject "day16" */;
			compatibilityVersion = "Xcode 9.3";
			developmentRegion = en;
			hasScannedForEncodings = 0;
			knownRegions = (
				en,
				Base,
			);
			mainGroup = 485BC8DE25111F7F00448247;
			productRefGroup = 485BC8E825111F7F00448247 /* Products */;
			projectDirPath = "";
			projectRoot = "";
			targets = (
				485BC8E625111F7F00448247 /* day16 */,
				485BC8FC25111F8000448247 /* day16Tests */,
			);
		};
/* End PBXProject section */

/* Begin PBXResourcesBuildPhase section */
		485BC8E525111F7F00448247 /* Resources */ = {
			isa = PBXResourcesBuildPhase;
			buildActionMask = 2147483647;
			files = (
				485BC8F725111F8000448247 /* LaunchScreen.storyboard in Resources */,
				485BC8F425111F8000448247 /* Assets.xcassets in Resources */,
				485BC8F225111F7F00448247 /* Main.storyboard in Resources */,
			);
			runOnlyForDeploymentPostprocessing = 0;
		};
		485BC8FB25111F8000448247 /* Resources */ = {
			isa = PBXResourcesBuildPhase;
			buildActionMask = 2147483647;
			files = (
			);
			runOnlyForDeploymentPostprocessing = 0;
		};
/* End PBXResourcesBuildPhase section */

/* Begin PBXSourcesBuildPhase section */
		485BC8E325111F7F00448247 /* Sources */ = {
			isa = PBXSourcesBuildPhase;
			buildActionMask = 2147483647;
			files = (
				485BC8EF25111F7F00448247 /* ViewController.swift in Sources */,
				485BC8EB25111F7F00448247 /* AppDelegate.swift in Sources */,
				485BC8ED25111F7F00448247 /* SceneDelegate.swift in Sources */,
			);
			runOnlyForDeploymentPostprocessing = 0;
		};
		485BC8F925111F8000448247 /* Sources */ = {
			isa = PBXSourcesBuildPhase;
			buildActionMask = 2147483647;
			files = (
				485BC90225111F8000448247 /* day16Tests.swift in Sources */,
			);
			runOnlyForDeploymentPostprocessing = 0;
		};
/* End PBXSourcesBuildPhase section */

/* Begin PBXTargetDependency section */
		485BC8FF25111F8000448247 /* PBXTargetDependency */ = {
			isa = PBXTargetDependency;
			target = 485BC8E625111F7F00448247 /* day16 */;
			targetProxy = 485BC8FE25111F8000448247 /* PBXContainerItemProxy */;
		};
/* End PBXTargetDependency section */

/* Begin PBXVariantGroup section */
		485BC8F025111F7F00448247 /* Main.storyboard */ = {
			isa = PBXVariantGroup;
			children = (
				485BC8F125111F7F00448247 /* Base */,
			);
			name = Main.storyboard;
			sourceTree = "<group>";
		};
		485BC8F525111F8000448247 /* LaunchScreen.storyboard */ = {
			isa = PBXVariantGroup;
			children = (
				485BC8F625111F8000448247 /* Base */,
			);
			name = LaunchScreen.storyboard;
			sourceTree = "<group>";
		};
/* End PBXVariantGroup section */

/* Begin XCBuildConfiguration section */
		485BC90425111F8000448247 /* Debug */ = {
			isa = XCBuildConfiguration;
			buildSettings = {
				ALWAYS_SEARCH_USER_PATHS = NO;
				CLANG_ANALYZER_NONNULL = YES;
				CLANG_ANALYZER_NUMBER_OBJECT_CONVERSION = YES_AGGRESSIVE;
				CLANG_CXX_LANGUAGE_STANDARD = "gnu++14";
				CLANG_CXX_LIBRARY = "libc++";
				CLANG_ENABLE_MODULES = YES;
				CLANG_ENABLE_OBJC_ARC = YES;
				CLANG_ENABLE_OBJC_WEAK = YES;
				CLANG_WARN_BLOCK_CAPTURE_AUTORELEASING = YES;
				CLANG_WARN_BOOL_CONVERSION = YES;
				CLANG_WARN_COMMA = YES;
				CLANG_WARN_CONSTANT_CONVERSION = YES;
				CLANG_WARN_DEPRECATED_OBJC_IMPLEMENTATIONS = YES;
				CLANG_WARN_DIRECT_OBJC_ISA_USAGE = YES_ERROR;
				CLANG_WARN_DOCUMENTATION_COMMENTS = YES;
				CLANG_WARN_EMPTY_BODY = YES;
				CLANG_WARN_ENUM_CONVERSION = YES;
				CLANG_WARN_INFINITE_RECURSION = YES;
				CLANG_WARN_INT_CONVERSION = YES;
				CLANG_WARN_NON_LITERAL_NULL_CONVERSION = YES;
				CLANG_WARN_OBJC_IMPLICIT_RETAIN_SELF = YES;
				CLANG_WARN_OBJC_LITERAL_CONVERSION = YES;
				CLANG_WARN_OBJC_ROOT_CLASS = YES_ERROR;
				CLANG_WARN_RANGE_LOOP_ANALYSIS = YES;
				CLANG_WARN_STRICT_PROTOTYPES = YES;
				CLANG_WARN_SUSPICIOUS_MOVE = YES;
				CLANG_WARN_UNGUARDED_AVAILABILITY = YES_AGGRESSIVE;
				CLANG_WARN_UNREACHABLE_CODE = YES;
				CLANG_WARN__DUPLICATE_METHOD_MATCH = YES;
				COPY_PHASE_STRIP = NO;
				DEBUG_INFORMATION_FORMAT = dwarf;
				ENABLE_STRICT_OBJC_MSGSEND = YES;
				ENABLE_TESTABILITY = YES;
				GCC_C_LANGUAGE_STANDARD = gnu11;
				GCC_DYNAMIC_NO_PIC = NO;
				GCC_NO_COMMON_BLOCKS = YES;
				GCC_OPTIMIZATION_LEVEL = 0;
				GCC_PREPROCESSOR_DEFINITIONS = (
					"DEBUG=1",
					"$(inherited)",
				);
				GCC_WARN_64_TO_32_BIT_CONVERSION = YES;
				GCC_WARN_ABOUT_RETURN_TYPE = YES_ERROR;
				GCC_WARN_UNDECLARED_SELECTOR = YES;
				GCC_WARN_UNINITIALIZED_AUTOS = YES_AGGRESSIVE;
				GCC_WARN_UNUSED_FUNCTION = YES;
				GCC_WARN_UNUSED_VARIABLE = YES;
				IPHONEOS_DEPLOYMENT_TARGET = 13.7;
				MTL_ENABLE_DEBUG_INFO = INCLUDE_SOURCE;
				MTL_FAST_MATH = YES;
				ONLY_ACTIVE_ARCH = YES;
				SDKROOT = iphoneos;
				SWIFT_ACTIVE_COMPILATION_CONDITIONS = DEBUG;
				SWIFT_OPTIMIZATION_LEVEL = "-Onone";
			};
			name = Debug;
		};
		485BC90525111F8000448247 /* Release */ = {
			isa = XCBuildConfiguration;
			buildSettings = {
				ALWAYS_SEARCH_USER_PATHS = NO;
				CLANG_ANALYZER_NONNULL = YES;
				CLANG_ANALYZER_NUMBER_OBJECT_CONVERSION = YES_AGGRESSIVE;
				CLANG_CXX_LANGUAGE_STANDARD = "gnu++14";
				CLANG_CXX_LIBRARY = "libc++";
				CLANG_ENABLE_MODULES = YES;
				CLANG_ENABLE_OBJC_ARC = YES;
				CLANG_ENABLE_OBJC_WEAK = YES;
				CLANG_WARN_BLOCK_CAPTURE_AUTORELEASING = YES;
				CLANG_WARN_BOOL_CONVERSION = YES;
				CLANG_WARN_COMMA = YES;
				CLANG_WARN_CONSTANT_CONVERSION = YES;
				CLANG_WARN_DEPRECATED_OBJC_IMPLEMENTATIONS = YES;
				CLANG_WARN_DIRECT_OBJC_ISA_USAGE = YES_ERROR;
				CLANG_WARN_DOCUMENTATION_COMMENTS = YES;
				CLANG_WARN_EMPTY_BODY = YES;
				CLANG_WARN_ENUM_CONVERSION = YES;
				CLANG_WARN_INFINITE_RECURSION = YES;
				CLANG_WARN_INT_CONVERSION = YES;
				CLANG_WARN_NON_LITERAL_NULL_CONVERSION = YES;
				CLANG_WARN_OBJC_IMPLICIT_RETAIN_SELF = YES;
				CLANG_WARN_OBJC_LITERAL_CONVERSION = YES;
				CLANG_WARN_OBJC_ROOT_CLASS = YES_ERROR;
				CLANG_WARN_RANGE_LOOP_ANALYSIS = YES;
				CLANG_WARN_STRICT_PROTOTYPES = YES;
				CLANG_WARN_SUSPICIOUS_MOVE = YES;
				CLANG_WARN_UNGUARDED_AVAILABILITY = YES_AGGRESSIVE;
				CLANG_WARN_UNREACHABLE_CODE = YES;
				CLANG_WARN__DUPLICATE_METHOD_MATCH = YES;
				COPY_PHASE_STRIP = NO;
				DEBUG_INFORMATION_FORMAT = "dwarf-with-dsym";
				ENABLE_NS_ASSERTIONS = NO;
				ENABLE_STRICT_OBJC_MSGSEND = YES;
				GCC_C_LANGUAGE_STANDARD = gnu11;
				GCC_NO_COMMON_BLOCKS = YES;
				GCC_WARN_64_TO_32_BIT_CONVERSION = YES;
				GCC_WARN_ABOUT_RETURN_TYPE = YES_ERROR;
				GCC_WARN_UNDECLARED_SELECTOR = YES;
				GCC_WARN_UNINITIALIZED_AUTOS = YES_AGGRESSIVE;
				GCC_WARN_UNUSED_FUNCTION = YES;
				GCC_WARN_UNUSED_VARIABLE = YES;
				IPHONEOS_DEPLOYMENT_TARGET = 13.7;
				MTL_ENABLE_DEBUG_INFO = NO;
				MTL_FAST_MATH = YES;
				SDKROOT = iphoneos;
				SWIFT_COMPILATION_MODE = wholemodule;
				SWIFT_OPTIMIZATION_LEVEL = "-O";
				VALIDATE_PRODUCT = YES;
			};
			name = Release;
		};
		485BC90725111F8000448247 /* Debug */ = {
			isa = XCBuildConfiguration;
			buildSettings = {
				ASSETCATALOG_COMPILER_APPICON_NAME = AppIcon;
				CODE_SIGN_STYLE = Automatic;
				INFOPLIST_FILE = day16/Info.plist;
				LD_RUNPATH_SEARCH_PATHS = (
					"$(inherited)",
					"@executable_path/Frameworks",
				);
				PRODUCT_BUNDLE_IDENTIFIER = com.johnpadilla.day16;
				PRODUCT_NAME = "$(TARGET_NAME)";
				SWIFT_VERSION = 5.0;
				TARGETED_DEVICE_FAMILY = "1,2";
			};
			name = Debug;
		};
		485BC90825111F8000448247 /* Release */ = {
			isa = XCBuildConfiguration;
			buildSettings = {
				ASSETCATALOG_COMPILER_APPICON_NAME = AppIcon;
				CODE_SIGN_STYLE = Automatic;
				INFOPLIST_FILE = day16/Info.plist;
				LD_RUNPATH_SEARCH_PATHS = (
					"$(inherited)",
					"@executable_path/Frameworks",
				);
				PRODUCT_BUNDLE_IDENTIFIER = com.johnpadilla.day16;
				PRODUCT_NAME = "$(TARGET_NAME)";
				SWIFT_VERSION = 5.0;
				TARGETED_DEVICE_FAMILY = "1,2";
			};
			name = Release;
		};
		485BC90A25111F8000448247 /* Debug */ = {
			isa = XCBuildConfiguration;
			buildSettings = {
				ALWAYS_EMBED_SWIFT_STANDARD_LIBRARIES = YES;
				BUNDLE_LOADER = "$(TEST_HOST)";
				CODE_SIGN_STYLE = Automatic;
				INFOPLIST_FILE = day16Tests/Info.plist;
				IPHONEOS_DEPLOYMENT_TARGET = 13.7;
				LD_RUNPATH_SEARCH_PATHS = (
					"$(inherited)",
					"@executable_path/Frameworks",
					"@loader_path/Frameworks",
				);
				PRODUCT_BUNDLE_IDENTIFIER = com.johnpadilla.day16Tests;
				PRODUCT_NAME = "$(TARGET_NAME)";
				SWIFT_VERSION = 5.0;
				TARGETED_DEVICE_FAMILY = "1,2";
				TEST_HOST = "$(BUILT_PRODUCTS_DIR)/day16.app/day16";
			};
			name = Debug;
		};
		485BC90B25111F8000448247 /* Release */ = {
			isa = XCBuildConfiguration;
			buildSettings = {
				ALWAYS_EMBED_SWIFT_STANDARD_LIBRARIES = YES;
				BUNDLE_LOADER = "$(TEST_HOST)";
				CODE_SIGN_STYLE = Automatic;
				INFOPLIST_FILE = day16Tests/Info.plist;
				IPHONEOS_DEPLOYMENT_TARGET = 13.7;
				LD_RUNPATH_SEARCH_PATHS = (
					"$(inherited)",
					"@executable_path/Frameworks",
					"@loader_path/Frameworks",
				);
				PRODUCT_BUNDLE_IDENTIFIER = com.johnpadilla.day16Tests;
				PRODUCT_NAME = "$(TARGET_NAME)";
				SWIFT_VERSION = 5.0;
				TARGETED_DEVICE_FAMILY = "1,2";
				TEST_HOST = "$(BUILT_PRODUCTS_DIR)/day16.app/day16";
			};
			name = Release;
		};
/* End XCBuildConfiguration section */

/* Begin XCConfigurationList section */
		485BC8E225111F7F00448247 /* Build configuration list for PBXProject "day16" */ = {
			isa = XCConfigurationList;
			buildConfigurations = (
				485BC90425111F8000448247 /* Debug */,
				485BC90525111F8000448247 /* Release */,
			);
			defaultConfigurationIsVisible = 0;
			defaultConfigurationName = Release;
		};
		485BC90625111F8000448247 /* Build configuration list for PBXNativeTarget "day16" */ = {
			isa = XCConfigurationList;
			buildConfigurations = (
				485BC90725111F8000448247 /* Debug */,
				485BC90825111F8000448247 /* Release */,
			);
			defaultConfigurationIsVisible = 0;
			defaultConfigurationName = Release;
		};
		485BC90925111F8000448247 /* Build configuration list for PBXNativeTarget "day16Tests" */ = {
			isa = XCConfigurationList;
			buildConfigurations = (
				485BC90A25111F8000448247 /* Debug */,
				485BC90B25111F8000448247 /* Release */,
			);
			defaultConfigurationIsVisible = 0;
			defaultConfigurationName = Release;
		};
/* End XCConfigurationList section */
	};
	rootObject = 485BC8DF25111F7F00448247 /* Project object */;
}
